
Microsoft Visual Studio Solution File, Format Version 12.00
# Visual Studio Version 16
VisualStudioVersion = 16.0.28803.156
MinimumVisualStudioVersion = 10.0.40219.1
Project("{FAE04EC0-301F-11D3-BF4B-00C04F79EFBC}") = "QM.Server", "QM.Server\QM.Server.csproj", "{CC30E5AD-1D71-45DE-90CC-70D3B440737A}"
EndProject
Project("{FAE04EC0-301F-11D3-BF4B-00C04F79EFBC}") = "QM.Demo.Dll", "QM.Demo.Dll\QM.Demo.Dll.csproj", "{D00F6E31-8844-431F-BEE8-B801A2FA1516}"
EndProject
Project("{FAE04EC0-301F-11D3-BF4B-00C04F79EFBC}") = "QM.Core", "QM.Core\QM.Core.csproj", "{786B8217-7715-4137-A4DC-6630664C5A70}"
EndProject
Project("{FAE04EC0-301F-11D3-BF4B-00C04F79EFBC}") = "QM.Demo.Excel", "QM.Demo.Excel\QM.Demo.Excel.csproj", "{ADF23710-0198-4168-9138-371409639888}"
EndProject
Project("{FAE04EC0-301F-11D3-BF4B-00C04F79EFBC}") = "QM.Demo.BAT", "QM.Demo.BAT\QM.Demo.BAT.csproj", "{770DC02B-B6C9-408C-A5D7-496350FC26B9}"
EndProject
Project("{2150E333-8FDC-42A3-9474-1A3956D46DE8}") = "Demo", "Demo", "{C998C41B-07BA-48C6-AB4D-D248BD269805}"
EndProject
Project("{FAE04EC0-301F-11D3-BF4B-00C04F79EFBC}") = "QM.Demo.Quituser", "QM.Demo.Quituser\QM.Demo.Quituser.csproj", "{663F2185-D7BA-464F-B86C-FA2E459238CE}"
EndProject
Project("{FAE04EC0-301F-11D3-BF4B-00C04F79EFBC}") = "QM.Demo.SqlFile", "QM.Demo.SqlFile\QM.Demo.SqlFile.csproj", "{D581D6D3-E0E1-4458-9358-29810A844E1C}"
EndProject
Project("{FAE04EC0-301F-11D3-BF4B-00C04F79EFBC}") = "QM.Demo.RFC", "QM.Demo.RFC\QM.Demo.RFC.csproj", "{8AB77788-187E-4633-948C-7BAC0B5A36B2}"
EndProject
Project("{FAE04EC0-301F-11D3-BF4B-00C04F79EFBC}") = "QM.Demo.ReadMail", "QM.Demo.ReadMail\QM.Demo.ReadMail.csproj", "{906ECF1C-8FAC-43C2-AC62-A0B9EF360754}"
EndProject
Project("{FAE04EC0-301F-11D3-BF4B-00C04F79EFBC}") = "QM.Demo.Meal", "QM.Demo.Meal\QM.Demo.Meal.csproj", "{C46B0C6B-603C-4E50-891B-DBE50C740601}"
EndProject
Project("{FAE04EC0-301F-11D3-BF4B-00C04F79EFBC}") = "QM.Demo.CrystalReport", "QM.Demo.CrystalReport\QM.Demo.CrystalReport.csproj", "{F258A4A0-EC70-41A0-9C0D-B6F71AC629FF}"
EndProject
Project("{9A19103F-16F7-4668-BE54-9A1E7A4F7556}") = "QM.Web", "QM.Web\QM.Web.csproj", "{0D95979F-EA62-427B-9796-747321FB3FAE}"
EndProject
Project("{9A19103F-16F7-4668-BE54-9A1E7A4F7556}") = "QM.Demo.RabbitMQ", "QM.Demo.RabbitMQ\QM.Demo.RabbitMQ.csproj", "{1F0559D4-C393-4843-A941-9A0F228B70E3}"
EndProject
Project("{FAE04EC0-301F-11D3-BF4B-00C04F79EFBC}") = "QM.Demo.RabbitMQ_Client", "QM.Demo.RabbitMQ_Client\QM.Demo.RabbitMQ_Client.csproj", "{CEF5739E-55D9-4138-8A98-1E28123755F3}"
EndProject
Project("{FAE04EC0-301F-11D3-BF4B-00C04F79EFBC}") = "QM.Demo.RabbitMQ_Client1", "QM.Demo.RabbitMQ_Client1\QM.Demo.RabbitMQ_Client1.csproj", "{3A106408-38D0-4059-8322-498BE48714A3}"
EndProject
Global
	GlobalSection(SolutionConfigurationPlatforms) = preSolution
		Debug|Any CPU = Debug|Any CPU
		Release|Any CPU = Release|Any CPU
	EndGlobalSection
	GlobalSection(ProjectConfigurationPlatforms) = postSolution
		{CC30E5AD-1D71-45DE-90CC-70D3B440737A}.Debug|Any CPU.ActiveCfg = Debug|Any CPU
		{CC30E5AD-1D71-45DE-90CC-70D3B440737A}.Debug|Any CPU.Build.0 = Debug|Any CPU
		{CC30E5AD-1D71-45DE-90CC-70D3B440737A}.Release|Any CPU.ActiveCfg = Release|Any CPU
		{CC30E5AD-1D71-45DE-90CC-70D3B440737A}.Release|Any CPU.Build.0 = Release|Any CPU
		{D00F6E31-8844-431F-BEE8-B801A2FA1516}.Debug|Any CPU.ActiveCfg = Debug|Any CPU
		{D00F6E31-8844-431F-BEE8-B801A2FA1516}.Debug|Any CPU.Build.0 = Debug|Any CPU
		{D00F6E31-8844-431F-BEE8-B801A2FA1516}.Release|Any CPU.ActiveCfg = Release|Any CPU
		{D00F6E31-8844-431F-BEE8-B801A2FA1516}.Release|Any CPU.Build.0 = Release|Any CPU
		{786B8217-7715-4137-A4DC-6630664C5A70}.Debug|Any CPU.ActiveCfg = Debug|Any CPU
		{786B8217-7715-4137-A4DC-6630664C5A70}.Debug|Any CPU.Build.0 = Debug|Any CPU
		{786B8217-7715-4137-A4DC-6630664C5A70}.Release|Any CPU.ActiveCfg = Release|Any CPU
		{786B8217-7715-4137-A4DC-6630664C5A70}.Release|Any CPU.Build.0 = Release|Any CPU
		{ADF23710-0198-4168-9138-371409639888}.Debug|Any CPU.ActiveCfg = Debug|Any CPU
		{ADF23710-0198-4168-9138-371409639888}.Debug|Any CPU.Build.0 = Debug|Any CPU
		{ADF23710-0198-4168-9138-371409639888}.Release|Any CPU.ActiveCfg = Release|Any CPU
		{ADF23710-0198-4168-9138-371409639888}.Release|Any CPU.Build.0 = Release|Any CPU
		{770DC02B-B6C9-408C-A5D7-496350FC26B9}.Debug|Any CPU.ActiveCfg = Debug|Any CPU
		{770DC02B-B6C9-408C-A5D7-496350FC26B9}.Debug|Any CPU.Build.0 = Debug|Any CPU
		{770DC02B-B6C9-408C-A5D7-496350FC26B9}.Release|Any CPU.ActiveCfg = Release|Any CPU
		{770DC02B-B6C9-408C-A5D7-496350FC26B9}.Release|Any CPU.Build.0 = Release|Any CPU
		{663F2185-D7BA-464F-B86C-FA2E459238CE}.Debug|Any CPU.ActiveCfg = Debug|Any CPU
		{663F2185-D7BA-464F-B86C-FA2E459238CE}.Debug|Any CPU.Build.0 = Debug|Any CPU
		{663F2185-D7BA-464F-B86C-FA2E459238CE}.Release|Any CPU.ActiveCfg = Release|Any CPU
		{663F2185-D7BA-464F-B86C-FA2E459238CE}.Release|Any CPU.Build.0 = Release|Any CPU
		{D581D6D3-E0E1-4458-9358-29810A844E1C}.Debug|Any CPU.ActiveCfg = Debug|Any CPU
		{D581D6D3-E0E1-4458-9358-29810A844E1C}.Debug|Any CPU.Build.0 = Debug|Any CPU
		{D581D6D3-E0E1-4458-9358-29810A844E1C}.Release|Any CPU.ActiveCfg = Release|Any CPU
		{D581D6D3-E0E1-4458-9358-29810A844E1C}.Release|Any CPU.Build.0 = Release|Any CPU
		{8AB77788-187E-4633-948C-7BAC0B5A36B2}.Debug|Any CPU.ActiveCfg = Debug|Any CPU
		{8AB77788-187E-4633-948C-7BAC0B5A36B2}.Debug|Any CPU.Build.0 = Debug|Any CPU
		{8AB77788-187E-4633-948C-7BAC0B5A36B2}.Release|Any CPU.ActiveCfg = Release|Any CPU
		{8AB77788-187E-4633-948C-7BAC0B5A36B2}.Release|Any CPU.Build.0 = Release|Any CPU
		{906ECF1C-8FAC-43C2-AC62-A0B9EF360754}.Debug|Any CPU.ActiveCfg = Debug|Any CPU
		{906ECF1C-8FAC-43C2-AC62-A0B9EF360754}.Debug|Any CPU.Build.0 = Debug|Any CPU
		{906ECF1C-8FAC-43C2-AC62-A0B9EF360754}.Release|Any CPU.ActiveCfg = Release|Any CPU
		{906ECF1C-8FAC-43C2-AC62-A0B9EF360754}.Release|Any CPU.Build.0 = Release|Any CPU
		{C46B0C6B-603C-4E50-891B-DBE50C740601}.Debug|Any CPU.ActiveCfg = Debug|Any CPU
		{C46B0C6B-603C-4E50-891B-DBE50C740601}.Debug|Any CPU.Build.0 = Debug|Any CPU
		{C46B0C6B-603C-4E50-891B-DBE50C740601}.Release|Any CPU.ActiveCfg = Release|Any CPU
		{C46B0C6B-603C-4E50-891B-DBE50C740601}.Release|Any CPU.Build.0 = Release|Any CPU
		{F258A4A0-EC70-41A0-9C0D-B6F71AC629FF}.Debug|Any CPU.ActiveCfg = Debug|Any CPU
		{F258A4A0-EC70-41A0-9C0D-B6F71AC629FF}.Debug|Any CPU.Build.0 = Debug|Any CPU
		{F258A4A0-EC70-41A0-9C0D-B6F71AC629FF}.Release|Any CPU.ActiveCfg = Release|Any CPU
		{F258A4A0-EC70-41A0-9C0D-B6F71AC629FF}.Release|Any CPU.Build.0 = Release|Any CPU
		{0D95979F-EA62-427B-9796-747321FB3FAE}.Debug|Any CPU.ActiveCfg = Debug|Any CPU
		{0D95979F-EA62-427B-9796-747321FB3FAE}.Debug|Any CPU.Build.0 = Debug|Any CPU
		{0D95979F-EA62-427B-9796-747321FB3FAE}.Release|Any CPU.ActiveCfg = Release|Any CPU
		{0D95979F-EA62-427B-9796-747321FB3FAE}.Release|Any CPU.Build.0 = Release|Any CPU
		{1F0559D4-C393-4843-A941-9A0F228B70E3}.Debug|Any CPU.ActiveCfg = Debug|Any CPU
		{1F0559D4-C393-4843-A941-9A0F228B70E3}.Debug|Any CPU.Build.0 = Debug|Any CPU
		{1F0559D4-C393-4843-A941-9A0F228B70E3}.Release|Any CPU.ActiveCfg = Release|Any CPU
		{1F0559D4-C393-4843-A941-9A0F228B70E3}.Release|Any CPU.Build.0 = Release|Any CPU
		{CEF5739E-55D9-4138-8A98-1E28123755F3}.Debug|Any CPU.ActiveCfg = Debug|Any CPU
		{CEF5739E-55D9-4138-8A98-1E28123755F3}.Debug|Any CPU.Build.0 = Debug|Any CPU
		{CEF5739E-55D9-4138-8A98-1E28123755F3}.Release|Any CPU.ActiveCfg = Release|Any CPU
		{CEF5739E-55D9-4138-8A98-1E28123755F3}.Release|Any CPU.Build.0 = Release|Any CPU
		{3A106408-38D0-4059-8322-498BE48714A3}.Debug|Any CPU.ActiveCfg = Debug|Any CPU
		{3A106408-38D0-4059-8322-498BE48714A3}.Debug|Any CPU.Build.0 = Debug|Any CPU
		{3A106408-38D0-4059-8322-498BE48714A3}.Release|Any CPU.ActiveCfg = Release|Any CPU
		{3A106408-38D0-4059-8322-498BE48714A3}.Release|Any CPU.Build.0 = Release|Any CPU
	EndGlobalSection
	GlobalSection(SolutionProperties) = preSolution
		HideSolutionNode = FALSE
	EndGlobalSection
	GlobalSection(NestedProjects) = preSolution
		{D00F6E31-8844-431F-BEE8-B801A2FA1516} = {C998C41B-07BA-48C6-AB4D-D248BD269805}
		{ADF23710-0198-4168-9138-371409639888} = {C998C41B-07BA-48C6-AB4D-D248BD269805}
		{770DC02B-B6C9-408C-A5D7-496350FC26B9} = {C998C41B-07BA-48C6-AB4D-D248BD269805}
		{663F2185-D7BA-464F-B86C-FA2E459238CE} = {C998C41B-07BA-48C6-AB4D-D248BD269805}
		{D581D6D3-E0E1-4458-9358-29810A844E1C} = {C998C41B-07BA-48C6-AB4D-D248BD269805}
		{8AB77788-187E-4633-948C-7BAC0B5A36B2} = {C998C41B-07BA-48C6-AB4D-D248BD269805}
		{906ECF1C-8FAC-43C2-AC62-A0B9EF360754} = {C998C41B-07BA-48C6-AB4D-D248BD269805}
		{C46B0C6B-603C-4E50-891B-DBE50C740601} = {C998C41B-07BA-48C6-AB4D-D248BD269805}
		{F258A4A0-EC70-41A0-9C0D-B6F71AC629FF} = {C998C41B-07BA-48C6-AB4D-D248BD269805}
		{1F0559D4-C393-4843-A941-9A0F228B70E3} = {C998C41B-07BA-48C6-AB4D-D248BD269805}
		{CEF5739E-55D9-4138-8A98-1E28123755F3} = {C998C41B-07BA-48C6-AB4D-D248BD269805}
		{3A106408-38D0-4059-8322-498BE48714A3} = {C998C41B-07BA-48C6-AB4D-D248BD269805}
	EndGlobalSection
	GlobalSection(ExtensibilityGlobals) = postSolution
		SolutionGuid = {2646AC0F-BA5A-423A-8441-EB206CD054CF}
	EndGlobalSection
EndGlobal
