
Microsoft Visual Studio Solution File, Format Version 12.00
# Visual Studio 14
VisualStudioVersion = 14.0.25420.1
MinimumVisualStudioVersion = 10.0.40219.1
Project("{FAE04EC0-301F-11D3-BF4B-00C04F79EFBC}") = "QM.Server", "QM.Server\QM.Server.csproj", "{CC30E5AD-1D71-45DE-90CC-70D3B440737A}"
EndProject
Project("{FAE04EC0-301F-11D3-BF4B-00C04F79EFBC}") = "QM.Test", "QM.Test\QM.Test.csproj", "{D00F6E31-8844-431F-BEE8-B801A2FA1516}"
EndProject
Project("{FAE04EC0-301F-11D3-BF4B-00C04F79EFBC}") = "QM.Core", "QM.Core\QM.Core.csproj", "{786B8217-7715-4137-A4DC-6630664C5A70}"
EndProject
Project("{FAE04EC0-301F-11D3-BF4B-00C04F79EFBC}") = "QM.Excel", "QM.Excel\QM.Excel.csproj", "{ADF23710-0198-4168-9138-371409639888}"
EndProject
Global
	GlobalSection(SolutionConfigurationPlatforms) = preSolution
		Debug|Any CPU = Debug|Any CPU
		Release|Any CPU = Release|Any CPU
	EndGlobalSection
	GlobalSection(ProjectConfigurationPlatforms) = postSolution
		{CC30E5AD-1D71-45DE-90CC-70D3B440737A}.Debug|Any CPU.ActiveCfg = Debug|Any CPU
		{CC30E5AD-1D71-45DE-90CC-70D3B440737A}.Debug|Any CPU.Build.0 = Debug|Any CPU
		{CC30E5AD-1D71-45DE-90CC-70D3B440737A}.Release|Any CPU.ActiveCfg = Release|Any CPU
		{CC30E5AD-1D71-45DE-90CC-70D3B440737A}.Release|Any CPU.Build.0 = Release|Any CPU
		{D00F6E31-8844-431F-BEE8-B801A2FA1516}.Debug|Any CPU.ActiveCfg = Debug|Any CPU
		{D00F6E31-8844-431F-BEE8-B801A2FA1516}.Debug|Any CPU.Build.0 = Debug|Any CPU
		{D00F6E31-8844-431F-BEE8-B801A2FA1516}.Release|Any CPU.ActiveCfg = Release|Any CPU
		{D00F6E31-8844-431F-BEE8-B801A2FA1516}.Release|Any CPU.Build.0 = Release|Any CPU
		{786B8217-7715-4137-A4DC-6630664C5A70}.Debug|Any CPU.ActiveCfg = Debug|Any CPU
		{786B8217-7715-4137-A4DC-6630664C5A70}.Debug|Any CPU.Build.0 = Debug|Any CPU
		{786B8217-7715-4137-A4DC-6630664C5A70}.Release|Any CPU.ActiveCfg = Release|Any CPU
		{786B8217-7715-4137-A4DC-6630664C5A70}.Release|Any CPU.Build.0 = Release|Any CPU
		{ADF23710-0198-4168-9138-371409639888}.Debug|Any CPU.ActiveCfg = Debug|Any CPU
		{ADF23710-0198-4168-9138-371409639888}.Debug|Any CPU.Build.0 = Debug|Any CPU
		{ADF23710-0198-4168-9138-371409639888}.Release|Any CPU.ActiveCfg = Release|Any CPU
		{ADF23710-0198-4168-9138-371409639888}.Release|Any CPU.Build.0 = Release|Any CPU
	EndGlobalSection
	GlobalSection(SolutionProperties) = preSolution
		HideSolutionNode = FALSE
	EndGlobalSection
EndGlobal
